<?xml version="1.0" encoding="utf-8"?>
<Project ToolsVersion="4.0" xmlns="http://schemas.microsoft.com/developer/msbuild/2003">
  <ItemGroup>
    <Filter Include="Source Files">
      <UniqueIdentifier>{4FC737F1-C7A5-4376-A066-2A32D752A2FF}</UniqueIdentifier>
      <Extensions>cpp;c;cc;cxx;def;odl;idl;hpj;bat;asm;asmx</Extensions>
    </Filter>
    <Filter Include="Header Files">
      <UniqueIdentifier>{93995380-89BD-4b04-88EB-625FBE52EBFB}</UniqueIdentifier>
      <Extensions>h;hh;hpp;hxx;hm;inl;inc;ipp;xsd</Extensions>
    </Filter>
    <Filter Include="Resource Files">
      <UniqueIdentifier>{67DA6AB6-F800-4c08-8B7A-83BB121AAD01}</UniqueIdentifier>
      <Extensions>rc;ico;cur;bmp;dlg;rc2;rct;bin;rgs;gif;jpg;jpeg;jpe;resx;tiff;tif;png;wav;mfcribbon-ms</Extensions>
    </Filter>
    <Filter Include="Source Files\from_rufus">
      <UniqueIdentifier>{f2f83b72-dac8-44c0-8698-109bc3aa8ee0}</UniqueIdentifier>
    </Filter>
    <Filter Include="Source Files\tmp">
      <UniqueIdentifier>{2cf14fd7-569b-4c42-a5cd-98db60f7ab2f}</UniqueIdentifier>
    </Filter>
  </ItemGroup>
  <ItemGroup>
    <ClCompile Include="..\..\..\src\test\main_clonner_test.cpp">
      <Filter>Source Files</Filter>
    </ClCompile>
    <ClCompile Include="..\..\..\contrib\zlib\src\util\zlib_compression_routines.cpp">
      <Filter>Source Files</Filter>
    </ClCompile>
    <ClCompile Include="..\..\..\contrib\zlib\src\util\directory_iterator_win.cpp">
      <Filter>Source Files</Filter>
    </ClCompile>
    <ClCompile Include="..\..\..\contrib\zlib\src\util\zlib_compress_decompress_common.cpp">
      <Filter>Source Files</Filter>
    </ClCompile>
    <ClCompile Include="..\..\..\contrib\zlib\src\util\zlib_decompress_routines.cpp">
      <Filter>Source Files</Filter>
    </ClCompile>
    <ClCompile Include="..\..\..\src\core\disk_clone_by_zipping_and_partition_using_zip.cpp">
      <Filter>Source Files</Filter>
    </ClCompile>
    <ClCompile Include="..\..\..\src\core\rufus_drive.c">
      <Filter>Source Files</Filter>
    </ClCompile>
    <ClCompile Include="..\..\..\..\.others_codes\rufus\src\ms-sys\br.c">
      <Filter>Source Files\from_rufus</Filter>
    </ClCompile>
    <ClCompile Include="..\..\..\..\.others_codes\rufus\src\ms-sys\fat12.c">
      <Filter>Source Files\from_rufus</Filter>
    </ClCompile>
    <ClCompile Include="..\..\..\..\.others_codes\rufus\src\ms-sys\fat16.c">
      <Filter>Source Files\from_rufus</Filter>
    </ClCompile>
    <ClCompile Include="..\..\..\..\.others_codes\rufus\src\ms-sys\fat32.c">
      <Filter>Source Files\from_rufus</Filter>
    </ClCompile>
    <ClCompile Include="..\..\..\..\.others_codes\rufus\src\ms-sys\file.c">
      <Filter>Source Files\from_rufus</Filter>
    </ClCompile>
    <ClCompile Include="..\..\..\..\.others_codes\rufus\src\ms-sys\ntfs.c">
      <Filter>Source Files\from_rufus</Filter>
    </ClCompile>
    <ClCompile Include="..\..\..\..\.others_codes\rufus\src\ms-sys\partition_info.c">
      <Filter>Source Files\from_rufus</Filter>
    </ClCompile>
    <ClCompile Include="..\..\..\src\tmp\temporary_for_fixing_rufus_symbols.cpp">
      <Filter>Source Files\tmp</Filter>
    </ClCompile>
  </ItemGroup>
  <ItemGroup>
    <ClInclude Include="..\..\..\contrib\zlib\include\zlib_compress_decompress_common.h">
      <Filter>Header Files</Filter>
    </ClInclude>
    <ClInclude Include="..\..\..\contrib\zlib\include\zlib_compression_routines.h">
      <Filter>Header Files</Filter>
    </ClInclude>
    <ClInclude Include="..\..\..\contrib\zlib\include\zlib_decompress_routines.h">
      <Filter>Header Files</Filter>
    </ClInclude>
    <ClInclude Include="..\..\..\contrib\zlib\include\zlib_first_include.h">
      <Filter>Header Files</Filter>
    </ClInclude>
    <ClInclude Include="..\..\..\include\disk_clone_by_zipping_and_partition_using_zip.h">
      <Filter>Header Files</Filter>
    </ClInclude>
    <ClInclude Include="..\..\..\include\common_disk_clonner_project_include.h">
      <Filter>Header Files</Filter>
    </ClInclude>
    <ClInclude Include="..\..\..\src\include\private_header_for_compress_decompress.h">
      <Filter>Header Files</Filter>
    </ClInclude>
    <ClInclude Include="..\..\..\src\include\first_include_to_fix_rufus_problems.h">
      <Filter>Header Files</Filter>
    </ClInclude>
  </ItemGroup>
</Project>