
Microsoft Visual Studio Solution File, Format Version 12.00
# Visual Studio 15
VisualStudioVersion = 15.0.28307.438
MinimumVisualStudioVersion = 10.0.40219.1
Project("{8BC9CEB8-8B4A-11D0-8D11-00A0C91BC942}") = "from_disk_to_disk", "from_disk_to_disk.vcxproj", "{C37399B4-F039-497E-A5D4-DD33D22CB8E7}"
EndProject
Global
	GlobalSection(SolutionConfigurationPlatforms) = preSolution
		Debug|ARM = Debug|ARM
		Debug|x64 = Debug|x64
		Debug|x86 = Debug|x86
		Release|ARM = Release|ARM
		Release|x64 = Release|x64
		Release|x86 = Release|x86
	EndGlobalSection
	GlobalSection(ProjectConfigurationPlatforms) = postSolution
		{C37399B4-F039-497E-A5D4-DD33D22CB8E7}.Debug|ARM.ActiveCfg = Debug|ARM
		{C37399B4-F039-497E-A5D4-DD33D22CB8E7}.Debug|ARM.Build.0 = Debug|ARM
		{C37399B4-F039-497E-A5D4-DD33D22CB8E7}.Debug|x64.ActiveCfg = Debug|x64
		{C37399B4-F039-497E-A5D4-DD33D22CB8E7}.Debug|x64.Build.0 = Debug|x64
		{C37399B4-F039-497E-A5D4-DD33D22CB8E7}.Debug|x86.ActiveCfg = Debug|Win32
		{C37399B4-F039-497E-A5D4-DD33D22CB8E7}.Debug|x86.Build.0 = Debug|Win32
		{C37399B4-F039-497E-A5D4-DD33D22CB8E7}.Release|ARM.ActiveCfg = Release|ARM
		{C37399B4-F039-497E-A5D4-DD33D22CB8E7}.Release|ARM.Build.0 = Release|ARM
		{C37399B4-F039-497E-A5D4-DD33D22CB8E7}.Release|x64.ActiveCfg = Release|x64
		{C37399B4-F039-497E-A5D4-DD33D22CB8E7}.Release|x64.Build.0 = Release|x64
		{C37399B4-F039-497E-A5D4-DD33D22CB8E7}.Release|x86.ActiveCfg = Release|Win32
		{C37399B4-F039-497E-A5D4-DD33D22CB8E7}.Release|x86.Build.0 = Release|Win32
	EndGlobalSection
	GlobalSection(SolutionProperties) = preSolution
		HideSolutionNode = FALSE
	EndGlobalSection
	GlobalSection(ExtensibilityGlobals) = postSolution
		SolutionGuid = {D4228B5F-9C37-427C-8776-C7FEC89F104A}
	EndGlobalSection
EndGlobal
